
Microsoft Visual Studio Solution File, Format Version 12.00
# Visual Studio Version 17
VisualStudioVersion = 17.0.31919.166
MinimumVisualStudioVersion = 10.0.40219.1
Project("{9A19103F-16F7-4668-BE54-9A1E7A4F7556}") = "CsvApplication", "CsvApplication\CsvApplication.csproj", "{FC6E7672-CADB-4FDC-A1BA-3233E670C4EB}"
EndProject
Project("{9A19103F-16F7-4668-BE54-9A1E7A4F7556}") = "CsvApplication.DAL", "CsvApplication.DAL\CsvApplication.DAL.csproj", "{F85F4FA7-06ED-4975-B2D6-A710B5FEBCC2}"
EndProject
Project("{9A19103F-16F7-4668-BE54-9A1E7A4F7556}") = "CsvApplication.BLL", "CsvApplication.BLL\CsvApplication.BLL.csproj", "{9F27B642-4328-43AD-BE16-4C99038B463A}"
EndProject
Project("{2150E333-8FDC-42A3-9474-1A3956D46DE8}") = "tests", "tests", "{F682E0C1-6565-470E-86A0-98E284869DF3}"
EndProject
Project("{FAE04EC0-301F-11D3-BF4B-00C04F79EFBC}") = "CsvApplication.BLL.Tests", "CsvApplication.BLL.Tests\CsvApplication.BLL.Tests.csproj", "{9BC53E9B-6E06-42C0-99FE-5AE711C29A31}"
EndProject
Global
	GlobalSection(SolutionConfigurationPlatforms) = preSolution
		Debug|Any CPU = Debug|Any CPU
		Release|Any CPU = Release|Any CPU
	EndGlobalSection
	GlobalSection(ProjectConfigurationPlatforms) = postSolution
		{FC6E7672-CADB-4FDC-A1BA-3233E670C4EB}.Debug|Any CPU.ActiveCfg = Debug|Any CPU
		{FC6E7672-CADB-4FDC-A1BA-3233E670C4EB}.Debug|Any CPU.Build.0 = Debug|Any CPU
		{FC6E7672-CADB-4FDC-A1BA-3233E670C4EB}.Release|Any CPU.ActiveCfg = Release|Any CPU
		{FC6E7672-CADB-4FDC-A1BA-3233E670C4EB}.Release|Any CPU.Build.0 = Release|Any CPU
		{F85F4FA7-06ED-4975-B2D6-A710B5FEBCC2}.Debug|Any CPU.ActiveCfg = Debug|Any CPU
		{F85F4FA7-06ED-4975-B2D6-A710B5FEBCC2}.Debug|Any CPU.Build.0 = Debug|Any CPU
		{F85F4FA7-06ED-4975-B2D6-A710B5FEBCC2}.Release|Any CPU.ActiveCfg = Release|Any CPU
		{F85F4FA7-06ED-4975-B2D6-A710B5FEBCC2}.Release|Any CPU.Build.0 = Release|Any CPU
		{9F27B642-4328-43AD-BE16-4C99038B463A}.Debug|Any CPU.ActiveCfg = Debug|Any CPU
		{9F27B642-4328-43AD-BE16-4C99038B463A}.Debug|Any CPU.Build.0 = Debug|Any CPU
		{9F27B642-4328-43AD-BE16-4C99038B463A}.Release|Any CPU.ActiveCfg = Release|Any CPU
		{9F27B642-4328-43AD-BE16-4C99038B463A}.Release|Any CPU.Build.0 = Release|Any CPU
		{9BC53E9B-6E06-42C0-99FE-5AE711C29A31}.Debug|Any CPU.ActiveCfg = Debug|Any CPU
		{9BC53E9B-6E06-42C0-99FE-5AE711C29A31}.Debug|Any CPU.Build.0 = Debug|Any CPU
		{9BC53E9B-6E06-42C0-99FE-5AE711C29A31}.Release|Any CPU.ActiveCfg = Release|Any CPU
		{9BC53E9B-6E06-42C0-99FE-5AE711C29A31}.Release|Any CPU.Build.0 = Release|Any CPU
	EndGlobalSection
	GlobalSection(SolutionProperties) = preSolution
		HideSolutionNode = FALSE
	EndGlobalSection
	GlobalSection(NestedProjects) = preSolution
		{9BC53E9B-6E06-42C0-99FE-5AE711C29A31} = {F682E0C1-6565-470E-86A0-98E284869DF3}
	EndGlobalSection
	GlobalSection(ExtensibilityGlobals) = postSolution
		SolutionGuid = {430CF56F-9F51-479C-8B0F-A1680EC9EDF3}
	EndGlobalSection
EndGlobal
